Microsoft Visual Studio Solution File, Format Version 12.00
# Visual Studio Version 17
VisualStudioVersion = 17.0.31903.59
MinimumVisualStudioVersion = 10.0.40219.1
Project("{FAE04EC0-301F-11D3-BF4B-00C04F79EFBC}") = "SandwicheriaWalterio", "SandwicheriaWalterio\SandwicheriaWalterio.csproj", "{12345678-1234-1234-1234-123456789ABC}"
EndProject
Project("{FAE04EC0-301F-11D3-BF4B-00C04F79EFBC}") = "SandwicheriaWalterio.Tests", "SandwicheriaWalterio.Tests\SandwicheriaWalterio.Tests.csproj", "{ABCDEF12-3456-7890-ABCD-EF1234567890}"
EndProject
Project("{FAE04EC0-301F-11D3-BF4B-00C04F79EFBC}") = "SandwicheriaWalterio.Shared", "SandwicheriaWalterio.Shared\SandwicheriaWalterio.Shared.csproj", "{74134801-1789-4FBD-A672-6A2088D116E5}"
EndProject
Project("{FAE04EC0-301F-11D3-BF4B-00C04F79EFBC}") = "SandwicheriaWalterio.Api", "SandwicheriaWalterio.Api\SandwicheriaWalterio.Api.csproj", "{F6685F07-852E-4C05-83D0-4146101AF0EE}"
EndProject
Global
	GlobalSection(SolutionConfigurationPlatforms) = preSolution
		Debug|Any CPU = Debug|Any CPU
		Release|Any CPU = Release|Any CPU
	EndGlobalSection
	GlobalSection(ProjectConfigurationPlatforms) = postSolution
		{12345678-1234-1234-1234-123456789ABC}.Debug|Any CPU.ActiveCfg = Debug|Any CPU
		{12345678-1234-1234-1234-123456789ABC}.Debug|Any CPU.Build.0 = Debug|Any CPU
		{12345678-1234-1234-1234-123456789ABC}.Release|Any CPU.ActiveCfg = Release|Any CPU
		{12345678-1234-1234-1234-123456789ABC}.Release|Any CPU.Build.0 = Release|Any CPU
		{ABCDEF12-3456-7890-ABCD-EF1234567890}.Debug|Any CPU.ActiveCfg = Debug|Any CPU
		{ABCDEF12-3456-7890-ABCD-EF1234567890}.Debug|Any CPU.Build.0 = Debug|Any CPU
		{ABCDEF12-3456-7890-ABCD-EF1234567890}.Release|Any CPU.ActiveCfg = Release|Any CPU
		{ABCDEF12-3456-7890-ABCD-EF1234567890}.Release|Any CPU.Build.0 = Release|Any CPU
		{74134801-1789-4FBD-A672-6A2088D116E5}.Debug|Any CPU.ActiveCfg = Debug|Any CPU
		{74134801-1789-4FBD-A672-6A2088D116E5}.Debug|Any CPU.Build.0 = Debug|Any CPU
		{74134801-1789-4FBD-A672-6A2088D116E5}.Release|Any CPU.ActiveCfg = Release|Any CPU
		{74134801-1789-4FBD-A672-6A2088D116E5}.Release|Any CPU.Build.0 = Release|Any CPU
		{F6685F07-852E-4C05-83D0-4146101AF0EE}.Debug|Any CPU.ActiveCfg = Debug|Any CPU
		{F6685F07-852E-4C05-83D0-4146101AF0EE}.Debug|Any CPU.Build.0 = Debug|Any CPU
		{F6685F07-852E-4C05-83D0-4146101AF0EE}.Release|Any CPU.ActiveCfg = Release|Any CPU
		{F6685F07-852E-4C05-83D0-4146101AF0EE}.Release|Any CPU.Build.0 = Release|Any CPU
	EndGlobalSection
	GlobalSection(SolutionProperties) = preSolution
		HideSolutionNode = FALSE
	EndGlobalSection
EndGlobal
